# THIS IS AN AUTOGENERATED FILE. DO NOT EDIT THIS FILE DIRECTLY.
# yarn lockfile v1


bencode@^0.9.0:
  version "0.9.0"
  resolved "https://registry.npm.taobao.org/bencode/download/bencode-0.9.0.tgz#6bd263e8e7b5362212e0541c2dbf75b330592bfe"
  integrity sha1-a9Jj6Oe1NiIS4FQcLb91szBZK/4=

lodash@^4.17.15:
  version "4.17.21"
  resolved "https://registry.yarnpkg.com/lodash/-/lodash-4.17.21.tgz#679591c564c3bffaae8454cf0b3df370c3d6911c"
  integrity sha512-v2kDEe57lecTulaDIuNTPy3Ry4gLGJ6Z1O3vE1krgXZNrsQ+LFTGHVxVjcXPs17LhbZVGedAJv8XZ1tvj5FvSg==
