# THIS IS AN AUTOGENERATED FILE. DO NOT EDIT THIS FILE DIRECTLY.
# yarn lockfile v1


bencode@^0.9.0:
  version "0.9.0"
  resolved "https://registry.npm.taobao.org/bencode/download/bencode-0.9.0.tgz#6bd263e8e7b5362212e0541c2dbf75b330592bfe"
  integrity sha1-a9Jj6Oe1NiIS4FQcLb91szBZK/4=

lodash@^4.17.15:
  version "4.17.19"
  resolved "https://registry.yarnpkg.com/lodash/-/lodash-4.17.19.tgz#e48ddedbe30b3321783c5b4301fbd353bc1e4a4b"
  integrity sha512-JNvd8XER9GQX0v2qJgsaN/mzFCNA5BRe/j8JN9d+tWyGLSodKQHKFicdwNYzWwI3wjRnaKPsGj1XkBjx/F96DQ==
